// !$*UTF8*$!
{
	archiveVersion = 1;
	classes = {
	};
	objectVersion = 50;
	objects = {

/* Begin PBXBuildFile section */
		D026044321E7148A00249CC0 /* HomeTableViewController.m in Sources */ = {isa = PBXBuildFile; fileRef = D026044221E7148A00249CC0 /* HomeTableViewController.m */; };
		D064381D21E485DC0014C689 /* AppDelegate.m in Sources */ = {isa = PBXBuildFile; fileRef = D064381C21E485DC0014C689 /* AppDelegate.m */; };
		D064382021E485DC0014C689 /* ORViewController.m in Sources */ = {isa = PBXBuildFile; fileRef = D064381F21E485DC0014C689 /* ORViewController.m */; };
		D064382521E485DC0014C689 /* Assets.xcassets in Resources */ = {isa = PBXBuildFile; fileRef = D064382421E485DC0014C689 /* Assets.xcassets */; };
		D064382821E485DC0014C689 /* LaunchScreen.storyboard in Resources */ = {isa = PBXBuildFile; fileRef = D064382621E485DC0014C689 /* LaunchScreen.storyboard */; };
		D064382B21E485DC0014C689 /* main.m in Sources */ = {isa = PBXBuildFile; fileRef = D064382A21E485DC0014C689 /* main.m */; };
		D064383521E4895A0014C689 /* ORCameraView.m in Sources */ = {isa = PBXBuildFile; fileRef = D064383421E4895A0014C689 /* ORCameraView.m */; };
/* End PBXBuildFile section */

/* Begin PBXFileReference section */
		D026044121E7148A00249CC0 /* HomeTableViewController.h */ = {isa = PBXFileReference; lastKnownFileType = sourcecode.c.h; path = HomeTableViewController.h; sourceTree = "<group>"; };
		D026044221E7148A00249CC0 /* HomeTableViewController.m */ = {isa = PBXFileReference; lastKnownFileType = sourcecode.c.objc; path = HomeTableViewController.m; sourceTree = "<group>"; };
		D064381821E485DC0014C689 /* CoreML.app */ = {isa = PBXFileReference; explicitFileType = wrapper.application; includeInIndex = 0; path = CoreML.app; sourceTree = BUILT_PRODUCTS_DIR; };
		D064381B21E485DC0014C689 /* AppDelegate.h */ = {isa = PBXFileReference; lastKnownFileType = sourcecode.c.h; path = AppDelegate.h; sourceTree = "<group>"; };
		D064381C21E485DC0014C689 /* AppDelegate.m */ = {isa = PBXFileReference; lastKnownFileType = sourcecode.c.objc; path = AppDelegate.m; sourceTree = "<group>"; };
		D064381E21E485DC0014C689 /* ORViewController.h */ = {isa = PBXFileReference; lastKnownFileType = sourcecode.c.h; path = ORViewController.h; sourceTree = "<group>"; };
		D064381F21E485DC0014C689 /* ORViewController.m */ = {isa = PBXFileReference; lastKnownFileType = sourcecode.c.objc; path = ORViewController.m; sourceTree = "<group>"; };
		D064382421E485DC0014C689 /* Assets.xcassets */ = {isa = PBXFileReference; lastKnownFileType = folder.assetcatalog; path = Assets.xcassets; sourceTree = "<group>"; };
		D064382721E485DC0014C689 /* Base */ = {isa = PBXFileReference; lastKnownFileType = file.storyboard; name = Base; path = Base.lproj/LaunchScreen.storyboard; sourceTree = "<group>"; };
		D064382921E485DC0014C689 /* Info.plist */ = {isa = PBXFileReference; lastKnownFileType = text.plist.xml; path = Info.plist; sourceTree = "<group>"; };
		D064382A21E485DC0014C689 /* main.m */ = {isa = PBXFileReference; lastKnownFileType = sourcecode.c.objc; path = main.m; sourceTree = "<group>"; };
		D064383321E4895A0014C689 /* ORCameraView.h */ = {isa = PBXFileReference; lastKnownFileType = sourcecode.c.h; path = ORCameraView.h; sourceTree = "<group>"; };
		D064383421E4895A0014C689 /* ORCameraView.m */ = {isa = PBXFileReference; lastKnownFileType = sourcecode.c.objc; path = ORCameraView.m; sourceTree = "<group>"; };
/* End PBXFileReference section */

/* Begin PBXFrameworksBuildPhase section */
		D064381521E485DC0014C689 /* Frameworks */ = {
			isa = PBXFrameworksBuildPhase;
			buildActionMask = 2147483647;
			files = (
			);
			runOnlyForDeploymentPostprocessing = 0;
		};
/* End PBXFrameworksBuildPhase section */

/* Begin PBXGroup section */
		D026043D21E7139300249CC0 /* ObjectRecognition */ = {
			isa = PBXGroup;
			children = (
				D064381E21E485DC0014C689 /* ORViewController.h */,
				D064381F21E485DC0014C689 /* ORViewController.m */,
				D064383321E4895A0014C689 /* ORCameraView.h */,
				D064383421E4895A0014C689 /* ORCameraView.m */,
			);
			path = ObjectRecognition;
			sourceTree = "<group>";
		};
		D064380F21E485DC0014C689 = {
			isa = PBXGroup;
			children = (
				D064381A21E485DC0014C689 /* CoreML */,
				D064381921E485DC0014C689 /* Products */,
			);
			sourceTree = "<group>";
		};
		D064381921E485DC0014C689 /* Products */ = {
			isa = PBXGroup;
			children = (
				D064381821E485DC0014C689 /* CoreML.app */,
			);
			name = Products;
			sourceTree = "<group>";
		};
		D064381A21E485DC0014C689 /* CoreML */ = {
			isa = PBXGroup;
			children = (
				D026043D21E7139300249CC0 /* ObjectRecognition */,
				D064381B21E485DC0014C689 /* AppDelegate.h */,
				D064381C21E485DC0014C689 /* AppDelegate.m */,
				D064382421E485DC0014C689 /* Assets.xcassets */,
				D064382621E485DC0014C689 /* LaunchScreen.storyboard */,
				D064382921E485DC0014C689 /* Info.plist */,
				D064382A21E485DC0014C689 /* main.m */,
				D026044121E7148A00249CC0 /* HomeTableViewController.h */,
				D026044221E7148A00249CC0 /* HomeTableViewController.m */,
			);
			path = CoreML;
			sourceTree = "<group>";
		};
/* End PBXGroup section */

/* Begin PBXNativeTarget section */
		D064381721E485DC0014C689 /* CoreML */ = {
			isa = PBXNativeTarget;
			buildConfigurationList = D064382E21E485DC0014C689 /* Build configuration list for PBXNativeTarget "CoreML" */;
			buildPhases = (
				D064381421E485DC0014C689 /* Sources */,
				D064381521E485DC0014C689 /* Frameworks */,
				D064381621E485DC0014C689 /* Resources */,
			);
			buildRules = (
			);
			dependencies = (
			);
			name = CoreML;
			productName = CoreML;
			productReference = D064381821E485DC0014C689 /* CoreML.app */;
			productType = "com.apple.product-type.application";
		};
/* End PBXNativeTarget section */

/* Begin PBXProject section */
		D064381021E485DC0014C689 /* Project object */ = {
			isa = PBXProject;
			attributes = {
				LastUpgradeCheck = 1010;
				ORGANIZATIONNAME = Larkin;
				TargetAttributes = {
					D064381721E485DC0014C689 = {
						CreatedOnToolsVersion = 10.1;
					};
				};
			};
			buildConfigurationList = D064381321E485DC0014C689 /* Build configuration list for PBXProject "CoreML" */;
			compatibilityVersion = "Xcode 9.3";
			developmentRegion = en;
			hasScannedForEncodings = 0;
			knownRegions = (
				en,
				Base,
			);
			mainGroup = D064380F21E485DC0014C689;
			productRefGroup = D064381921E485DC0014C689 /* Products */;
			projectDirPath = "";
			projectRoot = "";
			targets = (
				D064381721E485DC0014C689 /* CoreML */,
			);
		};
/* End PBXProject section */

/* Begin PBXResourcesBuildPhase section */
		D064381621E485DC0014C689 /* Resources */ = {
			isa = PBXResourcesBuildPhase;
			buildActionMask = 2147483647;
			files = (
				D064382821E485DC0014C689 /* LaunchScreen.storyboard in Resources */,
				D064382521E485DC0014C689 /* Assets.xcassets in Resources */,
			);
			runOnlyForDeploymentPostprocessing = 0;
		};
/* End PBXResourcesBuildPhase section */

/* Begin PBXSourcesBuildPhase section */
		D064381421E485DC0014C689 /* Sources */ = {
			isa = PBXSourcesBuildPhase;
			buildActionMask = 2147483647;
			files = (
				D064382021E485DC0014C689 /* ORViewController.m in Sources */,
				D064382B21E485DC0014C689 /* main.m in Sources */,
				D064383521E4895A0014C689 /* ORCameraView.m in Sources */,
				D026044321E7148A00249CC0 /* HomeTableViewController.m in Sources */,
				D064381D21E485DC0014C689 /* AppDelegate.m in Sources */,
			);
			runOnlyForDeploymentPostprocessing = 0;
		};
/* End PBXSourcesBuildPhase section */

/* Begin PBXVariantGroup section */
		D064382621E485DC0014C689 /* LaunchScreen.storyboard */ = {
			isa = PBXVariantGroup;
			children = (
				D064382721E485DC0014C689 /* Base */,
			);
			name = LaunchScreen.storyboard;
			sourceTree = "<group>";
		};
/* End PBXVariantGroup section */

/* Begin XCBuildConfiguration section */
		D064382C21E485DC0014C689 /* Debug */ = {
			isa = XCBuildConfiguration;
			buildSettings = {
				ALWAYS_SEARCH_USER_PATHS = NO;
				CLANG_ANALYZER_NONNULL = YES;
				CLANG_ANALYZER_NUMBER_OBJECT_CONVERSION = YES_AGGRESSIVE;
				CLANG_CXX_LANGUAGE_STANDARD = "gnu++14";
				CLANG_CXX_LIBRARY = "libc++";
				CLANG_ENABLE_MODULES = YES;
				CLANG_ENABLE_OBJC_ARC = YES;
				CLANG_ENABLE_OBJC_WEAK = YES;
				CLANG_WARN_BLOCK_CAPTURE_AUTORELEASING = YES;
				CLANG_WARN_BOOL_CONVERSION = YES;
				CLANG_WARN_COMMA = YES;
				CLANG_WARN_CONSTANT_CONVERSION = YES;
				CLANG_WARN_DEPRECATED_OBJC_IMPLEMENTATIONS = YES;
				CLANG_WARN_DIRECT_OBJC_ISA_USAGE = YES_ERROR;
				CLANG_WARN_DOCUMENTATION_COMMENTS = YES;
				CLANG_WARN_EMPTY_BODY = YES;
				CLANG_WARN_ENUM_CONVERSION = YES;
				CLANG_WARN_INFINITE_RECURSION = YES;
				CLANG_WARN_INT_CONVERSION = YES;
				CLANG_WARN_NON_LITERAL_NULL_CONVERSION = YES;
				CLANG_WARN_OBJC_IMPLICIT_RETAIN_SELF = YES;
				CLANG_WARN_OBJC_LITERAL_CONVERSION = YES;
				CLANG_WARN_OBJC_ROOT_CLASS = YES_ERROR;
				CLANG_WARN_RANGE_LOOP_ANALYSIS = YES;
				CLANG_WARN_STRICT_PROTOTYPES = YES;
				CLANG_WARN_SUSPICIOUS_MOVE = YES;
				CLANG_WARN_UNGUARDED_AVAILABILITY = YES_AGGRESSIVE;
				CLANG_WARN_UNREACHABLE_CODE = YES;
				CLANG_WARN__DUPLICATE_METHOD_MATCH = YES;
				CODE_SIGN_IDENTITY = "iPhone Developer";
				COPY_PHASE_STRIP = NO;
				DEBUG_INFORMATION_FORMAT = dwarf;
				ENABLE_STRICT_OBJC_MSGSEND = YES;
				ENABLE_TESTABILITY = YES;
				GCC_C_LANGUAGE_STANDARD = gnu11;
				GCC_DYNAMIC_NO_PIC = NO;
				GCC_NO_COMMON_BLOCKS = YES;
				GCC_OPTIMIZATION_LEVEL = 0;
				GCC_PREPROCESSOR_DEFINITIONS = (
					"DEBUG=1",
					"$(inherited)",
				);
				GCC_WARN_64_TO_32_BIT_CONVERSION = YES;
				GCC_WARN_ABOUT_RETURN_TYPE = YES_ERROR;
				GCC_WARN_UNDECLARED_SELECTOR = YES;
				GCC_WARN_UNINITIALIZED_AUTOS = YES_AGGRESSIVE;
				GCC_WARN_UNUSED_FUNCTION = YES;
				GCC_WARN_UNUSED_VARIABLE = YES;
				IPHONEOS_DEPLOYMENT_TARGET = 12.1;
				MTL_ENABLE_DEBUG_INFO = INCLUDE_SOURCE;
				MTL_FAST_MATH = YES;
				ONLY_ACTIVE_ARCH = YES;
				SDKROOT = iphoneos;
			};
			name = Debug;
		};
		D064382D21E485DC0014C689 /* Release */ = {
			isa = XCBuildConfiguration;
			buildSettings = {
				ALWAYS_SEARCH_USER_PATHS = NO;
				CLANG_ANALYZER_NONNULL = YES;
				CLANG_ANALYZER_NUMBER_OBJECT_CONVERSION = YES_AGGRESSIVE;
				CLANG_CXX_LANGUAGE_STANDARD = "gnu++14";
				CLANG_CXX_LIBRARY = "libc++";
				CLANG_ENABLE_MODULES = YES;
				CLANG_ENABLE_OBJC_ARC = YES;
				CLANG_ENABLE_OBJC_WEAK = YES;
				CLANG_WARN_BLOCK_CAPTURE_AUTORELEASING = YES;
				CLANG_WARN_BOOL_CONVERSION = YES;
				CLANG_WARN_COMMA = YES;
				CLANG_WARN_CONSTANT_CONVERSION = YES;
				CLANG_WARN_DEPRECATED_OBJC_IMPLEMENTATIONS = YES;
				CLANG_WARN_DIRECT_OBJC_ISA_USAGE = YES_ERROR;
				CLANG_WARN_DOCUMENTATION_COMMENTS = YES;
				CLANG_WARN_EMPTY_BODY = YES;
				CLANG_WARN_ENUM_CONVERSION = YES;
				CLANG_WARN_INFINITE_RECURSION = YES;
				CLANG_WARN_INT_CONVERSION = YES;
				CLANG_WARN_NON_LITERAL_NULL_CONVERSION = YES;
				CLANG_WARN_OBJC_IMPLICIT_RETAIN_SELF = YES;
				CLANG_WARN_OBJC_LITERAL_CONVERSION = YES;
				CLANG_WARN_OBJC_ROOT_CLASS = YES_ERROR;
				CLANG_WARN_RANGE_LOOP_ANALYSIS = YES;
				CLANG_WARN_STRICT_PROTOTYPES = YES;
				CLANG_WARN_SUSPICIOUS_MOVE = YES;
				CLANG_WARN_UNGUARDED_AVAILABILITY = YES_AGGRESSIVE;
				CLANG_WARN_UNREACHABLE_CODE = YES;
				CLANG_WARN__DUPLICATE_METHOD_MATCH = YES;
				CODE_SIGN_IDENTITY = "iPhone Developer";
				COPY_PHASE_STRIP = NO;
				DEBUG_INFORMATION_FORMAT = "dwarf-with-dsym";
				ENABLE_NS_ASSERTIONS = NO;
				ENABLE_STRICT_OBJC_MSGSEND = YES;
				GCC_C_LANGUAGE_STANDARD = gnu11;
				GCC_NO_COMMON_BLOCKS = YES;
				GCC_WARN_64_TO_32_BIT_CONVERSION = YES;
				GCC_WARN_ABOUT_RETURN_TYPE = YES_ERROR;
				GCC_WARN_UNDECLARED_SELECTOR = YES;
				GCC_WARN_UNINITIALIZED_AUTOS = YES_AGGRESSIVE;
				GCC_WARN_UNUSED_FUNCTION = YES;
				GCC_WARN_UNUSED_VARIABLE = YES;
				IPHONEOS_DEPLOYMENT_TARGET = 12.1;
				MTL_ENABLE_DEBUG_INFO = NO;
				MTL_FAST_MATH = YES;
				SDKROOT = iphoneos;
				VALIDATE_PRODUCT = YES;
			};
			name = Release;
		};
		D064382F21E485DC0014C689 /* Debug */ = {
			isa = XCBuildConfiguration;
			buildSettings = {
				ASSETCATALOG_COMPILER_APPICON_NAME = AppIcon;
				CODE_SIGN_STYLE = Automatic;
				DEVELOPMENT_TEAM = MCU8UUJ9LP;
				INFOPLIST_FILE = CoreML/Info.plist;
				IPHONEOS_DEPLOYMENT_TARGET = 11.0;
				LD_RUNPATH_SEARCH_PATHS = (
					"$(inherited)",
					"@executable_path/Frameworks",
				);
				PRODUCT_BUNDLE_IDENTIFIER = larkin.CoreML;
				PRODUCT_NAME = "$(TARGET_NAME)";
				TARGETED_DEVICE_FAMILY = 1;
			};
			name = Debug;
		};
		D064383021E485DC0014C689 /* Release */ = {
			isa = XCBuildConfiguration;
			buildSettings = {
				ASSETCATALOG_COMPILER_APPICON_NAME = AppIcon;
				CODE_SIGN_STYLE = Automatic;
				DEVELOPMENT_TEAM = MCU8UUJ9LP;
				INFOPLIST_FILE = CoreML/Info.plist;
				IPHONEOS_DEPLOYMENT_TARGET = 11.0;
				LD_RUNPATH_SEARCH_PATHS = (
					"$(inherited)",
					"@executable_path/Frameworks",
				);
				PRODUCT_BUNDLE_IDENTIFIER = larkin.CoreML;
				PRODUCT_NAME = "$(TARGET_NAME)";
				TARGETED_DEVICE_FAMILY = 1;
			};
			name = Release;
		};
/* End XCBuildConfiguration section */

/* Begin XCConfigurationList section */
		D064381321E485DC0014C689 /* Build configuration list for PBXProject "CoreML" */ = {
			isa = XCConfigurationList;
			buildConfigurations = (
				D064382C21E485DC0014C689 /* Debug */,
				D064382D21E485DC0014C689 /* Release */,
			);
			defaultConfigurationIsVisible = 0;
			defaultConfigurationName = Release;
		};
		D064382E21E485DC0014C689 /* Build configuration list for PBXNativeTarget "CoreML" */ = {
			isa = XCConfigurationList;
			buildConfigurations = (
				D064382F21E485DC0014C689 /* Debug */,
				D064383021E485DC0014C689 /* Release */,
			);
			defaultConfigurationIsVisible = 0;
			defaultConfigurationName = Release;
		};
/* End XCConfigurationList section */
	};
	rootObject = D064381021E485DC0014C689 /* Project object */;
}
